<Solution>
  <Project Path="HomeBase.Contracts/HomeBase.Contracts.csproj" />
  <Project Path="HomeBase.Core.Tests/HomeBase.Core.Tests.csproj" />
  <Project Path="HomeBase.Core/HomeBase.Core.csproj" />
  <Project Path="HomeBase.Service/HomeBase.Service.csproj" />
  <Project Path="HomeBase/HomeBase.csproj" />
</Solution>
